
Microsoft Visual Studio Solution File, Format Version 12.00
# Visual Studio 15
VisualStudioVersion = 15.0.27130.2010
MinimumVisualStudioVersion = 10.0.40219.1
Project("{FAE04EC0-301F-11D3-BF4B-00C04F79EFBC}") = "ProductDetails", "ProductDetails\ProductDetails.csproj", "{0E7308CF-65B4-4425-A5A6-02B5FA408277}"
EndProject
Global
	GlobalSection(SolutionConfigurationPlatforms) = preSolution
		Debug|Any CPU = Debug|Any CPU
		Release|Any CPU = Release|Any CPU
	EndGlobalSection
	GlobalSection(ProjectConfigurationPlatforms) = postSolution
		{0E7308CF-65B4-4425-A5A6-02B5FA408277}.Debug|Any CPU.ActiveCfg = Debug|Any CPU
		{0E7308CF-65B4-4425-A5A6-02B5FA408277}.Debug|Any CPU.Build.0 = Debug|Any CPU
		{0E7308CF-65B4-4425-A5A6-02B5FA408277}.Release|Any CPU.ActiveCfg = Release|Any CPU
		{0E7308CF-65B4-4425-A5A6-02B5FA408277}.Release|Any CPU.Build.0 = Release|Any CPU
	EndGlobalSection
	GlobalSection(SolutionProperties) = preSolution
		HideSolutionNode = FALSE
	EndGlobalSection
	GlobalSection(ExtensibilityGlobals) = postSolution
		SolutionGuid = {74D6D508-916C-4818-BD5E-65B0244BFB99}
	EndGlobalSection
EndGlobal
